<?xml version="1.0" encoding="utf-8"?>
<Project ToolsVersion="4.0" xmlns="http://schemas.microsoft.com/developer/msbuild/2003">
  <ItemGroup>
    <Filter Include="Source Files">
      <UniqueIdentifier>{4FC737F1-C7A5-4376-A066-2A32D752A2FF}</UniqueIdentifier>
      <Extensions>cpp;c;cc;cxx;c++;cppm;ixx;def;odl;idl;hpj;bat;asm;asmx</Extensions>
    </Filter>
    <Filter Include="Header Files">
      <UniqueIdentifier>{93995380-89BD-4b04-88EB-625FBE52EBFB}</UniqueIdentifier>
      <Extensions>h;hh;hpp;hxx;h++;hm;inl;inc;ipp;xsd</Extensions>
    </Filter>
    <Filter Include="Resource Files">
      <UniqueIdentifier>{67DA6AB6-F800-4c08-8B7A-83BB121AAD01}</UniqueIdentifier>
      <Extensions>rc;ico;cur;bmp;dlg;rc2;rct;bin;rgs;gif;jpg;jpeg;jpe;resx;tiff;tif;png;wav;mfcribbon-ms</Extensions>
    </Filter>
  </ItemGroup>
  <ItemGroup>
    <ClCompile Include="Source\Main.cpp">
      <Filter>Source Files</Filter>
    </ClCompile>
    <ClCompile Include="Source\Block2D.cpp">
      <Filter>Source Files</Filter>
    </ClCompile>
    <ClCompile Include="Source\RandomGenerator.cpp">
      <Filter>Source Files</Filter>
    </ClCompile>
    <ClCompile Include="Source\Utilities.cpp">
      <Filter>Source Files</Filter>
    </ClCompile>
    <ClCompile Include="Source\RendererEngine2D.cpp">
      <Filter>Source Files</Filter>
    </ClCompile>
    <ClCompile Include="Source\InstancedRendererEngine2D.cpp">
      <Filter>Source Files</Filter>
    </ClCompile>
    <ClCompile Include="Source\Objects\SquareMesh.cpp">
      <Filter>Source Files</Filter>
    </ClCompile>
    <ClCompile Include="Source\Mesh.h">
      <Filter>Header Files</Filter>
    </ClCompile>
    <ClCompile Include="Source\Objects\TriangleMesh.cpp">
      <Filter>Source Files</Filter>
    </ClCompile>
    <ClCompile Include="Source\Font.cpp">
      <Filter>Source Files</Filter>
    </ClCompile>
    <ClCompile Include="Source\FontCharDescription.cpp">
      <Filter>Source Files</Filter>
    </ClCompile>
  </ItemGroup>
  <ItemGroup>
    <ClInclude Include="Source\Block2D.h">
      <Filter>Header Files</Filter>
    </ClInclude>
    <ClInclude Include="Source\RandomGenerator.h">
      <Filter>Header Files</Filter>
    </ClInclude>
    <ClInclude Include="Source\Main.h">
      <Filter>Header Files</Filter>
    </ClInclude>
    <ClInclude Include="Source\Utilities.h">
      <Filter>Header Files</Filter>
    </ClInclude>
    <ClInclude Include="Source\RendererEngine2D.h">
      <Filter>Header Files</Filter>
    </ClInclude>
    <ClInclude Include="Source\InstancedRendererEngine2D.h">
      <Filter>Header Files</Filter>
    </ClInclude>
    <ClInclude Include="Source\BaseRenderer.h">
      <Filter>Header Files</Filter>
    </ClInclude>
    <ClInclude Include="Source\Vertex.h">
      <Filter>Header Files</Filter>
    </ClInclude>
    <ClInclude Include="Source\VertexInputData.h">
      <Filter>Header Files</Filter>
    </ClInclude>
    <ClInclude Include="Source\InstanceData.h">
      <Filter>Header Files</Filter>
    </ClInclude>
    <ClInclude Include="Source\Objects\SquareMesh.h">
      <Filter>Header Files</Filter>
    </ClInclude>
    <ClInclude Include="Source\Objects\TriangleMesh.h">
      <Filter>Header Files</Filter>
    </ClInclude>
    <ClInclude Include="Source\Vector2D.h">
      <Filter>Header Files</Filter>
    </ClInclude>
    <ClInclude Include="Source\TextInputData.h">
      <Filter>Header Files</Filter>
    </ClInclude>
    <ClInclude Include="Source\Font.h">
      <Filter>Header Files</Filter>
    </ClInclude>
    <ClInclude Include="Source\FontCharDescription.h">
      <Filter>Header Files</Filter>
    </ClInclude>
    <ClInclude Include="Source\Vector4D.h">
      <Filter>Header Files</Filter>
    </ClInclude>
  </ItemGroup>
  <ItemGroup>
    <Xml Include="dpi-manifest.xml">
      <Filter>Header Files</Filter>
    </Xml>
  </ItemGroup>
  <ItemGroup>
    <FxCompile Include="Source\Shaders\SquareWaveVertexShader.hlsl">
      <Filter>Source Files</Filter>
    </FxCompile>
    <FxCompile Include="Source\Shaders\PlainPixelShader.hlsl">
      <Filter>Source Files</Filter>
    </FxCompile>
    <FxCompile Include="Source\Shaders\TextVertexShader.hlsl">
      <Filter>Source Files</Filter>
    </FxCompile>
    <FxCompile Include="Source\Shaders\TextPixelShader.hlsl">
      <Filter>Source Files</Filter>
    </FxCompile>
    <FxCompile Include="Source\Shaders\FlockVertexShader.hlsl">
      <Filter>Source Files</Filter>
    </FxCompile>
    <FxCompile Include="Source\Shaders\FlockComputeShader.hlsl">
      <Filter>Source Files</Filter>
    </FxCompile>
  </ItemGroup>
  <ItemGroup>
    <CopyFileToFolders Include="Fonts\testFont.fnt">
      <Filter>Resource Files</Filter>
    </CopyFileToFolders>
    <CopyFileToFolders Include="Fonts\testFont_0.png">
      <Filter>Resource Files</Filter>
    </CopyFileToFolders>
  </ItemGroup>
</Project>